// !$*UTF8*$!
{
	archiveVersion = 1;
	classes = {
	};
	objectVersion = 55;
	objects = {

/* Begin PBXBuildFile section */
		4EC9C9E728AB256D009B813B /* AppDelegate.swift in Sources */ = {isa = PBXBuildFile; fileRef = 4EC9C9E628AB256D009B813B /* AppDelegate.swift */; };
		4EC9C9E928AB256D009B813B /* ViewController.swift in Sources */ = {isa = PBXBuildFile; fileRef = 4EC9C9E828AB256D009B813B /* ViewController.swift */; };
		4EC9C9EB28AB256E009B813B /* Assets.xcassets in Resources */ = {isa = PBXBuildFile; fileRef = 4EC9C9EA28AB256E009B813B /* Assets.xcassets */; };
		4EC9C9EE28AB256E009B813B /* Main.storyboard in Resources */ = {isa = PBXBuildFile; fileRef = 4EC9C9EC28AB256E009B813B /* Main.storyboard */; };
		4EC9C9F928AB256E009B813B /* WhatWattTests.swift in Sources */ = {isa = PBXBuildFile; fileRef = 4EC9C9F828AB256E009B813B /* WhatWattTests.swift */; };
		4EC9CA0328AB256E009B813B /* WhatWattUITests.swift in Sources */ = {isa = PBXBuildFile; fileRef = 4EC9CA0228AB256E009B813B /* WhatWattUITests.swift */; };
		4EC9CA0528AB256E009B813B /* WhatWattUITestsLaunchTests.swift in Sources */ = {isa = PBXBuildFile; fileRef = 4EC9CA0428AB256E009B813B /* WhatWattUITestsLaunchTests.swift */; };
/* End PBXBuildFile section */

/* Begin PBXContainerItemProxy section */
		4EC9C9F528AB256E009B813B /* PBXContainerItemProxy */ = {
			isa = PBXContainerItemProxy;
			containerPortal = 4EC9C9DB28AB256D009B813B /* Project object */;
			proxyType = 1;
			remoteGlobalIDString = 4EC9C9E228AB256D009B813B;
			remoteInfo = WhatWatt;
		};
		4EC9C9FF28AB256E009B813B /* PBXContainerItemProxy */ = {
			isa = PBXContainerItemProxy;
			containerPortal = 4EC9C9DB28AB256D009B813B /* Project object */;
			proxyType = 1;
			remoteGlobalIDString = 4EC9C9E228AB256D009B813B;
			remoteInfo = WhatWatt;
		};
/* End PBXContainerItemProxy section */

/* Begin PBXFileReference section */
		4EC9C9E328AB256D009B813B /* WhatWatt.app */ = {isa = PBXFileReference; explicitFileType = wrapper.application; includeInIndex = 0; path = WhatWatt.app; sourceTree = BUILT_PRODUCTS_DIR; };
		4EC9C9E628AB256D009B813B /* AppDelegate.swift */ = {isa = PBXFileReference; lastKnownFileType = sourcecode.swift; path = AppDelegate.swift; sourceTree = "<group>"; };
		4EC9C9E828AB256D009B813B /* ViewController.swift */ = {isa = PBXFileReference; lastKnownFileType = sourcecode.swift; path = ViewController.swift; sourceTree = "<group>"; };
		4EC9C9EA28AB256E009B813B /* Assets.xcassets */ = {isa = PBXFileReference; lastKnownFileType = folder.assetcatalog; path = Assets.xcassets; sourceTree = "<group>"; };
		4EC9C9ED28AB256E009B813B /* Base */ = {isa = PBXFileReference; lastKnownFileType = file.storyboard; name = Base; path = Base.lproj/Main.storyboard; sourceTree = "<group>"; };
		4EC9C9EF28AB256E009B813B /* WhatWatt.entitlements */ = {isa = PBXFileReference; lastKnownFileType = text.plist.entitlements; path = WhatWatt.entitlements; sourceTree = "<group>"; };
		4EC9C9F428AB256E009B813B /* WhatWattTests.xctest */ = {isa = PBXFileReference; explicitFileType = wrapper.cfbundle; includeInIndex = 0; path = WhatWattTests.xctest; sourceTree = BUILT_PRODUCTS_DIR; };
		4EC9C9F828AB256E009B813B /* WhatWattTests.swift */ = {isa = PBXFileReference; lastKnownFileType = sourcecode.swift; path = WhatWattTests.swift; sourceTree = "<group>"; };
		4EC9C9FE28AB256E009B813B /* WhatWattUITests.xctest */ = {isa = PBXFileReference; explicitFileType = wrapper.cfbundle; includeInIndex = 0; path = WhatWattUITests.xctest; sourceTree = BUILT_PRODUCTS_DIR; };
		4EC9CA0228AB256E009B813B /* WhatWattUITests.swift */ = {isa = PBXFileReference; lastKnownFileType = sourcecode.swift; path = WhatWattUITests.swift; sourceTree = "<group>"; };
		4EC9CA0428AB256E009B813B /* WhatWattUITestsLaunchTests.swift */ = {isa = PBXFileReference; lastKnownFileType = sourcecode.swift; path = WhatWattUITestsLaunchTests.swift; sourceTree = "<group>"; };
/* End PBXFileReference section */

/* Begin PBXFrameworksBuildPhase section */
		4EC9C9E028AB256D009B813B /* Frameworks */ = {
			isa = PBXFrameworksBuildPhase;
			buildActionMask = 2147483647;
			files = (
			);
			runOnlyForDeploymentPostprocessing = 0;
		};
		4EC9C9F128AB256E009B813B /* Frameworks */ = {
			isa = PBXFrameworksBuildPhase;
			buildActionMask = 2147483647;
			files = (
			);
			runOnlyForDeploymentPostprocessing = 0;
		};
		4EC9C9FB28AB256E009B813B /* Frameworks */ = {
			isa = PBXFrameworksBuildPhase;
			buildActionMask = 2147483647;
			files = (
			);
			runOnlyForDeploymentPostprocessing = 0;
		};
/* End PBXFrameworksBuildPhase section */

/* Begin PBXGroup section */
		4EC9C9DA28AB256D009B813B = {
			isa = PBXGroup;
			children = (
				4EC9C9E528AB256D009B813B /* WhatWatt */,
				4EC9C9F728AB256E009B813B /* WhatWattTests */,
				4EC9CA0128AB256E009B813B /* WhatWattUITests */,
				4EC9C9E428AB256D009B813B /* Products */,
			);
			sourceTree = "<group>";
		};
		4EC9C9E428AB256D009B813B /* Products */ = {
			isa = PBXGroup;
			children = (
				4EC9C9E328AB256D009B813B /* WhatWatt.app */,
				4EC9C9F428AB256E009B813B /* WhatWattTests.xctest */,
				4EC9C9FE28AB256E009B813B /* WhatWattUITests.xctest */,
			);
			name = Products;
			sourceTree = "<group>";
		};
		4EC9C9E528AB256D009B813B /* WhatWatt */ = {
			isa = PBXGroup;
			children = (
				4EC9C9E628AB256D009B813B /* AppDelegate.swift */,
				4EC9C9E828AB256D009B813B /* ViewController.swift */,
				4EC9C9EA28AB256E009B813B /* Assets.xcassets */,
				4EC9C9EC28AB256E009B813B /* Main.storyboard */,
				4EC9C9EF28AB256E009B813B /* WhatWatt.entitlements */,
			);
			path = WhatWatt;
			sourceTree = "<group>";
		};
		4EC9C9F728AB256E009B813B /* WhatWattTests */ = {
			isa = PBXGroup;
			children = (
				4EC9C9F828AB256E009B813B /* WhatWattTests.swift */,
			);
			path = WhatWattTests;
			sourceTree = "<group>";
		};
		4EC9CA0128AB256E009B813B /* WhatWattUITests */ = {
			isa = PBXGroup;
			children = (
				4EC9CA0228AB256E009B813B /* WhatWattUITests.swift */,
				4EC9CA0428AB256E009B813B /* WhatWattUITestsLaunchTests.swift */,
			);
			path = WhatWattUITests;
			sourceTree = "<group>";
		};
/* End PBXGroup section */

/* Begin PBXNativeTarget section */
		4EC9C9E228AB256D009B813B /* WhatWatt */ = {
			isa = PBXNativeTarget;
			buildConfigurationList = 4EC9CA0828AB256E009B813B /* Build configuration list for PBXNativeTarget "WhatWatt" */;
			buildPhases = (
				4EC9C9DF28AB256D009B813B /* Sources */,
				4EC9C9E028AB256D009B813B /* Frameworks */,
				4EC9C9E128AB256D009B813B /* Resources */,
			);
			buildRules = (
			);
			dependencies = (
			);
			name = WhatWatt;
			productName = WhatWatt;
			productReference = 4EC9C9E328AB256D009B813B /* WhatWatt.app */;
			productType = "com.apple.product-type.application";
		};
		4EC9C9F328AB256E009B813B /* WhatWattTests */ = {
			isa = PBXNativeTarget;
			buildConfigurationList = 4EC9CA0B28AB256E009B813B /* Build configuration list for PBXNativeTarget "WhatWattTests" */;
			buildPhases = (
				4EC9C9F028AB256E009B813B /* Sources */,
				4EC9C9F128AB256E009B813B /* Frameworks */,
				4EC9C9F228AB256E009B813B /* Resources */,
			);
			buildRules = (
			);
			dependencies = (
				4EC9C9F628AB256E009B813B /* PBXTargetDependency */,
			);
			name = WhatWattTests;
			productName = WhatWattTests;
			productReference = 4EC9C9F428AB256E009B813B /* WhatWattTests.xctest */;
			productType = "com.apple.product-type.bundle.unit-test";
		};
		4EC9C9FD28AB256E009B813B /* WhatWattUITests */ = {
			isa = PBXNativeTarget;
			buildConfigurationList = 4EC9CA0E28AB256E009B813B /* Build configuration list for PBXNativeTarget "WhatWattUITests" */;
			buildPhases = (
				4EC9C9FA28AB256E009B813B /* Sources */,
				4EC9C9FB28AB256E009B813B /* Frameworks */,
				4EC9C9FC28AB256E009B813B /* Resources */,
			);
			buildRules = (
			);
			dependencies = (
				4EC9CA0028AB256E009B813B /* PBXTargetDependency */,
			);
			name = WhatWattUITests;
			productName = WhatWattUITests;
			productReference = 4EC9C9FE28AB256E009B813B /* WhatWattUITests.xctest */;
			productType = "com.apple.product-type.bundle.ui-testing";
		};
/* End PBXNativeTarget section */

/* Begin PBXProject section */
		4EC9C9DB28AB256D009B813B /* Project object */ = {
			isa = PBXProject;
			attributes = {
				BuildIndependentTargetsInParallel = 1;
				LastSwiftUpdateCheck = 1340;
				LastUpgradeCheck = 1340;
				TargetAttributes = {
					4EC9C9E228AB256D009B813B = {
						CreatedOnToolsVersion = 13.4.1;
					};
					4EC9C9F328AB256E009B813B = {
						CreatedOnToolsVersion = 13.4.1;
						TestTargetID = 4EC9C9E228AB256D009B813B;
					};
					4EC9C9FD28AB256E009B813B = {
						CreatedOnToolsVersion = 13.4.1;
						TestTargetID = 4EC9C9E228AB256D009B813B;
					};
				};
			};
			buildConfigurationList = 4EC9C9DE28AB256D009B813B /* Build configuration list for PBXProject "WhatWatt" */;
			compatibilityVersion = "Xcode 13.0";
			developmentRegion = en;
			hasScannedForEncodings = 0;
			knownRegions = (
				en,
				Base,
			);
			mainGroup = 4EC9C9DA28AB256D009B813B;
			productRefGroup = 4EC9C9E428AB256D009B813B /* Products */;
			projectDirPath = "";
			projectRoot = "";
			targets = (
				4EC9C9E228AB256D009B813B /* WhatWatt */,
				4EC9C9F328AB256E009B813B /* WhatWattTests */,
				4EC9C9FD28AB256E009B813B /* WhatWattUITests */,
			);
		};
/* End PBXProject section */

/* Begin PBXResourcesBuildPhase section */
		4EC9C9E128AB256D009B813B /* Resources */ = {
			isa = PBXResourcesBuildPhase;
			buildActionMask = 2147483647;
			files = (
				4EC9C9EB28AB256E009B813B /* Assets.xcassets in Resources */,
				4EC9C9EE28AB256E009B813B /* Main.storyboard in Resources */,
			);
			runOnlyForDeploymentPostprocessing = 0;
		};
		4EC9C9F228AB256E009B813B /* Resources */ = {
			isa = PBXResourcesBuildPhase;
			buildActionMask = 2147483647;
			files = (
			);
			runOnlyForDeploymentPostprocessing = 0;
		};
		4EC9C9FC28AB256E009B813B /* Resources */ = {
			isa = PBXResourcesBuildPhase;
			buildActionMask = 2147483647;
			files = (
			);
			runOnlyForDeploymentPostprocessing = 0;
		};
/* End PBXResourcesBuildPhase section */

/* Begin PBXSourcesBuildPhase section */
		4EC9C9DF28AB256D009B813B /* Sources */ = {
			isa = PBXSourcesBuildPhase;
			buildActionMask = 2147483647;
			files = (
				4EC9C9E928AB256D009B813B /* ViewController.swift in Sources */,
				4EC9C9E728AB256D009B813B /* AppDelegate.swift in Sources */,
			);
			runOnlyForDeploymentPostprocessing = 0;
		};
		4EC9C9F028AB256E009B813B /* Sources */ = {
			isa = PBXSourcesBuildPhase;
			buildActionMask = 2147483647;
			files = (
				4EC9C9F928AB256E009B813B /* WhatWattTests.swift in Sources */,
			);
			runOnlyForDeploymentPostprocessing = 0;
		};
		4EC9C9FA28AB256E009B813B /* Sources */ = {
			isa = PBXSourcesBuildPhase;
			buildActionMask = 2147483647;
			files = (
				4EC9CA0528AB256E009B813B /* WhatWattUITestsLaunchTests.swift in Sources */,
				4EC9CA0328AB256E009B813B /* WhatWattUITests.swift in Sources */,
			);
			runOnlyForDeploymentPostprocessing = 0;
		};
/* End PBXSourcesBuildPhase section */

/* Begin PBXTargetDependency section */
		4EC9C9F628AB256E009B813B /* PBXTargetDependency */ = {
			isa = PBXTargetDependency;
			target = 4EC9C9E228AB256D009B813B /* WhatWatt */;
			targetProxy = 4EC9C9F528AB256E009B813B /* PBXContainerItemProxy */;
		};
		4EC9CA0028AB256E009B813B /* PBXTargetDependency */ = {
			isa = PBXTargetDependency;
			target = 4EC9C9E228AB256D009B813B /* WhatWatt */;
			targetProxy = 4EC9C9FF28AB256E009B813B /* PBXContainerItemProxy */;
		};
/* End PBXTargetDependency section */

/* Begin PBXVariantGroup section */
		4EC9C9EC28AB256E009B813B /* Main.storyboard */ = {
			isa = PBXVariantGroup;
			children = (
				4EC9C9ED28AB256E009B813B /* Base */,
			);
			name = Main.storyboard;
			sourceTree = "<group>";
		};
/* End PBXVariantGroup section */

/* Begin XCBuildConfiguration section */
		4EC9CA0628AB256E009B813B /* Debug */ = {
			isa = XCBuildConfiguration;
			buildSettings = {
				ALWAYS_SEARCH_USER_PATHS = NO;
				CLANG_ANALYZER_NONNULL = YES;
				CLANG_ANALYZER_NUMBER_OBJECT_CONVERSION = YES_AGGRESSIVE;
				CLANG_CXX_LANGUAGE_STANDARD = "gnu++17";
				CLANG_ENABLE_MODULES = YES;
				CLANG_ENABLE_OBJC_ARC = YES;
				CLANG_ENABLE_OBJC_WEAK = YES;
				CLANG_WARN_BLOCK_CAPTURE_AUTORELEASING = YES;
				CLANG_WARN_BOOL_CONVERSION = YES;
				CLANG_WARN_COMMA = YES;
				CLANG_WARN_CONSTANT_CONVERSION = YES;
				CLANG_WARN_DEPRECATED_OBJC_IMPLEMENTATIONS = YES;
				CLANG_WARN_DIRECT_OBJC_ISA_USAGE = YES_ERROR;
				CLANG_WARN_DOCUMENTATION_COMMENTS = YES;
				CLANG_WARN_EMPTY_BODY = YES;
				CLANG_WARN_ENUM_CONVERSION = YES;
				CLANG_WARN_INFINITE_RECURSION = YES;
				CLANG_WARN_INT_CONVERSION = YES;
				CLANG_WARN_NON_LITERAL_NULL_CONVERSION = YES;
				CLANG_WARN_OBJC_IMPLICIT_RETAIN_SELF = YES;
				CLANG_WARN_OBJC_LITERAL_CONVERSION = YES;
				CLANG_WARN_OBJC_ROOT_CLASS = YES_ERROR;
				CLANG_WARN_QUOTED_INCLUDE_IN_FRAMEWORK_HEADER = YES;
				CLANG_WARN_RANGE_LOOP_ANALYSIS = YES;
				CLANG_WARN_STRICT_PROTOTYPES = YES;
				CLANG_WARN_SUSPICIOUS_MOVE = YES;
				CLANG_WARN_UNGUARDED_AVAILABILITY = YES_AGGRESSIVE;
				CLANG_WARN_UNREACHABLE_CODE = YES;
				CLANG_WARN__DUPLICATE_METHOD_MATCH = YES;
				COPY_PHASE_STRIP = NO;
				DEBUG_INFORMATION_FORMAT = dwarf;
				ENABLE_STRICT_OBJC_MSGSEND = YES;
				ENABLE_TESTABILITY = YES;
				GCC_C_LANGUAGE_STANDARD = gnu11;
				GCC_DYNAMIC_NO_PIC = NO;
				GCC_NO_COMMON_BLOCKS = YES;
				GCC_OPTIMIZATION_LEVEL = 0;
				GCC_PREPROCESSOR_DEFINITIONS = (
					"DEBUG=1",
					"$(inherited)",
				);
				GCC_WARN_64_TO_32_BIT_CONVERSION = YES;
				GCC_WARN_ABOUT_RETURN_TYPE = YES_ERROR;
				GCC_WARN_UNDECLARED_SELECTOR = YES;
				GCC_WARN_UNINITIALIZED_AUTOS = YES_AGGRESSIVE;
				GCC_WARN_UNUSED_FUNCTION = YES;
				GCC_WARN_UNUSED_VARIABLE = YES;
				MACOSX_DEPLOYMENT_TARGET = 12.3;
				MTL_ENABLE_DEBUG_INFO = INCLUDE_SOURCE;
				MTL_FAST_MATH = YES;
				ONLY_ACTIVE_ARCH = YES;
				SDKROOT = macosx;
				SWIFT_ACTIVE_COMPILATION_CONDITIONS = DEBUG;
				SWIFT_OPTIMIZATION_LEVEL = "-Onone";
			};
			name = Debug;
		};
		4EC9CA0728AB256E009B813B /* Release */ = {
			isa = XCBuildConfiguration;
			buildSettings = {
				ALWAYS_SEARCH_USER_PATHS = NO;
				CLANG_ANALYZER_NONNULL = YES;
				CLANG_ANALYZER_NUMBER_OBJECT_CONVERSION = YES_AGGRESSIVE;
				CLANG_CXX_LANGUAGE_STANDARD = "gnu++17";
				CLANG_ENABLE_MODULES = YES;
				CLANG_ENABLE_OBJC_ARC = YES;
				CLANG_ENABLE_OBJC_WEAK = YES;
				CLANG_WARN_BLOCK_CAPTURE_AUTORELEASING = YES;
				CLANG_WARN_BOOL_CONVERSION = YES;
				CLANG_WARN_COMMA = YES;
				CLANG_WARN_CONSTANT_CONVERSION = YES;
				CLANG_WARN_DEPRECATED_OBJC_IMPLEMENTATIONS = YES;
				CLANG_WARN_DIRECT_OBJC_ISA_USAGE = YES_ERROR;
				CLANG_WARN_DOCUMENTATION_COMMENTS = YES;
				CLANG_WARN_EMPTY_BODY = YES;
				CLANG_WARN_ENUM_CONVERSION = YES;
				CLANG_WARN_INFINITE_RECURSION = YES;
				CLANG_WARN_INT_CONVERSION = YES;
				CLANG_WARN_NON_LITERAL_NULL_CONVERSION = YES;
				CLANG_WARN_OBJC_IMPLICIT_RETAIN_SELF = YES;
				CLANG_WARN_OBJC_LITERAL_CONVERSION = YES;
				CLANG_WARN_OBJC_ROOT_CLASS = YES_ERROR;
				CLANG_WARN_QUOTED_INCLUDE_IN_FRAMEWORK_HEADER = YES;
				CLANG_WARN_RANGE_LOOP_ANALYSIS = YES;
				CLANG_WARN_STRICT_PROTOTYPES = YES;
				CLANG_WARN_SUSPICIOUS_MOVE = YES;
				CLANG_WARN_UNGUARDED_AVAILABILITY = YES_AGGRESSIVE;
				CLANG_WARN_UNREACHABLE_CODE = YES;
				CLANG_WARN__DUPLICATE_METHOD_MATCH = YES;
				COPY_PHASE_STRIP = NO;
				DEBUG_INFORMATION_FORMAT = "dwarf-with-dsym";
				ENABLE_NS_ASSERTIONS = NO;
				ENABLE_STRICT_OBJC_MSGSEND = YES;
				GCC_C_LANGUAGE_STANDARD = gnu11;
				GCC_NO_COMMON_BLOCKS = YES;
				GCC_WARN_64_TO_32_BIT_CONVERSION = YES;
				GCC_WARN_ABOUT_RETURN_TYPE = YES_ERROR;
				GCC_WARN_UNDECLARED_SELECTOR = YES;
				GCC_WARN_UNINITIALIZED_AUTOS = YES_AGGRESSIVE;
				GCC_WARN_UNUSED_FUNCTION = YES;
				GCC_WARN_UNUSED_VARIABLE = YES;
				MACOSX_DEPLOYMENT_TARGET = 12.3;
				MTL_ENABLE_DEBUG_INFO = NO;
				MTL_FAST_MATH = YES;
				SDKROOT = macosx;
				SWIFT_COMPILATION_MODE = wholemodule;
				SWIFT_OPTIMIZATION_LEVEL = "-O";
			};
			name = Release;
		};
		4EC9CA0928AB256E009B813B /* Debug */ = {
			isa = XCBuildConfiguration;
			buildSettings = {
				ASSETCATALOG_COMPILER_APPICON_NAME = AppIcon;
				ASSETCATALOG_COMPILER_GLOBAL_ACCENT_COLOR_NAME = AccentColor;
				CODE_SIGN_ENTITLEMENTS = WhatWatt/WhatWatt.entitlements;
				CODE_SIGN_STYLE = Automatic;
				COMBINE_HIDPI_IMAGES = YES;
				CURRENT_PROJECT_VERSION = 1;
				DEVELOPMENT_TEAM = XCRR2AC646;
				ENABLE_HARDENED_RUNTIME = YES;
				GENERATE_INFOPLIST_FILE = YES;
				INFOPLIST_KEY_NSHumanReadableCopyright = "";
				INFOPLIST_KEY_NSMainStoryboardFile = Main;
				INFOPLIST_KEY_NSPrincipalClass = NSApplication;
				LD_RUNPATH_SEARCH_PATHS = (
					"$(inherited)",
					"@executable_path/../Frameworks",
				);
				MARKETING_VERSION = 1.0;
				PRODUCT_BUNDLE_IDENTIFIER = jchen2120212.WhatWatt;
				PRODUCT_NAME = "$(TARGET_NAME)";
				SWIFT_EMIT_LOC_STRINGS = YES;
				SWIFT_VERSION = 5.0;
			};
			name = Debug;
		};
		4EC9CA0A28AB256E009B813B /* Release */ = {
			isa = XCBuildConfiguration;
			buildSettings = {
				ASSETCATALOG_COMPILER_APPICON_NAME = AppIcon;
				ASSETCATALOG_COMPILER_GLOBAL_ACCENT_COLOR_NAME = AccentColor;
				CODE_SIGN_ENTITLEMENTS = WhatWatt/WhatWatt.entitlements;
				CODE_SIGN_STYLE = Automatic;
				COMBINE_HIDPI_IMAGES = YES;
				CURRENT_PROJECT_VERSION = 1;
				DEVELOPMENT_TEAM = XCRR2AC646;
				ENABLE_HARDENED_RUNTIME = YES;
				GENERATE_INFOPLIST_FILE = YES;
				INFOPLIST_KEY_NSHumanReadableCopyright = "";
				INFOPLIST_KEY_NSMainStoryboardFile = Main;
				INFOPLIST_KEY_NSPrincipalClass = NSApplication;
				LD_RUNPATH_SEARCH_PATHS = (
					"$(inherited)",
					"@executable_path/../Frameworks",
				);
				MARKETING_VERSION = 1.0;
				PRODUCT_BUNDLE_IDENTIFIER = jchen2120212.WhatWatt;
				PRODUCT_NAME = "$(TARGET_NAME)";
				SWIFT_EMIT_LOC_STRINGS = YES;
				SWIFT_VERSION = 5.0;
			};
			name = Release;
		};
		4EC9CA0C28AB256E009B813B /* Debug */ = {
			isa = XCBuildConfiguration;
			buildSettings = {
				ALWAYS_EMBED_SWIFT_STANDARD_LIBRARIES = YES;
				BUNDLE_LOADER = "$(TEST_HOST)";
				CODE_SIGN_STYLE = Automatic;
				CURRENT_PROJECT_VERSION = 1;
				DEVELOPMENT_TEAM = XCRR2AC646;
				GENERATE_INFOPLIST_FILE = YES;
				MACOSX_DEPLOYMENT_TARGET = 12.3;
				MARKETING_VERSION = 1.0;
				PRODUCT_BUNDLE_IDENTIFIER = jchen2120212.WhatWattTests;
				PRODUCT_NAME = "$(TARGET_NAME)";
				SWIFT_EMIT_LOC_STRINGS = NO;
				SWIFT_VERSION = 5.0;
				TEST_HOST = "$(BUILT_PRODUCTS_DIR)/WhatWatt.app/Contents/MacOS/WhatWatt";
			};
			name = Debug;
		};
		4EC9CA0D28AB256E009B813B /* Release */ = {
			isa = XCBuildConfiguration;
			buildSettings = {
				ALWAYS_EMBED_SWIFT_STANDARD_LIBRARIES = YES;
				BUNDLE_LOADER = "$(TEST_HOST)";
				CODE_SIGN_STYLE = Automatic;
				CURRENT_PROJECT_VERSION = 1;
				DEVELOPMENT_TEAM = XCRR2AC646;
				GENERATE_INFOPLIST_FILE = YES;
				MACOSX_DEPLOYMENT_TARGET = 12.3;
				MARKETING_VERSION = 1.0;
				PRODUCT_BUNDLE_IDENTIFIER = jchen2120212.WhatWattTests;
				PRODUCT_NAME = "$(TARGET_NAME)";
				SWIFT_EMIT_LOC_STRINGS = NO;
				SWIFT_VERSION = 5.0;
				TEST_HOST = "$(BUILT_PRODUCTS_DIR)/WhatWatt.app/Contents/MacOS/WhatWatt";
			};
			name = Release;
		};
		4EC9CA0F28AB256E009B813B /* Debug */ = {
			isa = XCBuildConfiguration;
			buildSettings = {
				ALWAYS_EMBED_SWIFT_STANDARD_LIBRARIES = YES;
				CODE_SIGN_STYLE = Automatic;
				CURRENT_PROJECT_VERSION = 1;
				DEVELOPMENT_TEAM = XCRR2AC646;
				GENERATE_INFOPLIST_FILE = YES;
				MARKETING_VERSION = 1.0;
				PRODUCT_BUNDLE_IDENTIFIER = jchen2120212.WhatWattUITests;
				PRODUCT_NAME = "$(TARGET_NAME)";
				SWIFT_EMIT_LOC_STRINGS = NO;
				SWIFT_VERSION = 5.0;
				TEST_TARGET_NAME = WhatWatt;
			};
			name = Debug;
		};
		4EC9CA1028AB256E009B813B /* Release */ = {
			isa = XCBuildConfiguration;
			buildSettings = {
				ALWAYS_EMBED_SWIFT_STANDARD_LIBRARIES = YES;
				CODE_SIGN_STYLE = Automatic;
				CURRENT_PROJECT_VERSION = 1;
				DEVELOPMENT_TEAM = XCRR2AC646;
				GENERATE_INFOPLIST_FILE = YES;
				MARKETING_VERSION = 1.0;
				PRODUCT_BUNDLE_IDENTIFIER = jchen2120212.WhatWattUITests;
				PRODUCT_NAME = "$(TARGET_NAME)";
				SWIFT_EMIT_LOC_STRINGS = NO;
				SWIFT_VERSION = 5.0;
				TEST_TARGET_NAME = WhatWatt;
			};
			name = Release;
		};
/* End XCBuildConfiguration section */

/* Begin XCConfigurationList section */
		4EC9C9DE28AB256D009B813B /* Build configuration list for PBXProject "WhatWatt" */ = {
			isa = XCConfigurationList;
			buildConfigurations = (
				4EC9CA0628AB256E009B813B /* Debug */,
				4EC9CA0728AB256E009B813B /* Release */,
			);
			defaultConfigurationIsVisible = 0;
			defaultConfigurationName = Release;
		};
		4EC9CA0828AB256E009B813B /* Build configuration list for PBXNativeTarget "WhatWatt" */ = {
			isa = XCConfigurationList;
			buildConfigurations = (
				4EC9CA0928AB256E009B813B /* Debug */,
				4EC9CA0A28AB256E009B813B /* Release */,
			);
			defaultConfigurationIsVisible = 0;
			defaultConfigurationName = Release;
		};
		4EC9CA0B28AB256E009B813B /* Build configuration list for PBXNativeTarget "WhatWattTests" */ = {
			isa = XCConfigurationList;
			buildConfigurations = (
				4EC9CA0C28AB256E009B813B /* Debug */,
				4EC9CA0D28AB256E009B813B /* Release */,
			);
			defaultConfigurationIsVisible = 0;
			defaultConfigurationName = Release;
		};
		4EC9CA0E28AB256E009B813B /* Build configuration list for PBXNativeTarget "WhatWattUITests" */ = {
			isa = XCConfigurationList;
			buildConfigurations = (
				4EC9CA0F28AB256E009B813B /* Debug */,
				4EC9CA1028AB256E009B813B /* Release */,
			);
			defaultConfigurationIsVisible = 0;
			defaultConfigurationName = Release;
		};
/* End XCConfigurationList section */
	};
	rootObject = 4EC9C9DB28AB256D009B813B /* Project object */;
}
